
Microsoft Visual Studio Solution File, Format Version 12.00
# Visual Studio Version 17
VisualStudioVersion = 17.12.35527.113
MinimumVisualStudioVersion = 10.0.40219.1
Project("{FAE04EC0-301F-11D3-BF4B-00C04F79EFBC}") = "OllamaNet_Components.AppHost", "OllamaNet_Components.AppHost\OllamaNet_Components.AppHost.csproj", "{8E51DAAC-30CF-4B9E-8521-81CD635FD846}"
EndProject
Project("{FAE04EC0-301F-11D3-BF4B-00C04F79EFBC}") = "OllamaNet_Components.ServiceDefaults", "OllamaNet_Components.ServiceDefaults\OllamaNet_Components.ServiceDefaults.csproj", "{78684CDC-95A0-4542-B37D-1C20131D40F1}"
EndProject
Project("{FAE04EC0-301F-11D3-BF4B-00C04F79EFBC}") = "Gateway", "Gateway\Gateway.csproj", "{31070AB7-0785-4F93-917B-35AE984DBFC0}"
EndProject
Project("{FAE04EC0-301F-11D3-BF4B-00C04F79EFBC}") = "ExploreService", "ExploreService\ExploreService.csproj", "{91B979B4-B37D-77A6-1D5D-0F55BB2A23A3}"
EndProject
Project("{FAE04EC0-301F-11D3-BF4B-00C04F79EFBC}") = "AuthService", "AuthService\AuthService.csproj", "{6CDAB7B3-DE4F-6FF5-06F0-D824F083F1AF}"
EndProject
Project("{FAE04EC0-301F-11D3-BF4B-00C04F79EFBC}") = "AdminService", "AdminService\AdminService.csproj", "{F465746A-A2E0-0013-6EA6-B03BA41B90F2}"
EndProject
Project("{FAE04EC0-301F-11D3-BF4B-00C04F79EFBC}") = "ConversationService", "ConversationService\ConversationService.csproj", "{00C1046E-4CDF-9BCE-3CDA-572AF18EA0D2}"
EndProject
Project("{FAE04EC0-301F-11D3-BF4B-00C04F79EFBC}") = "Ollama_DB_Layer", "..\Ollama_DB_Layer\Ollama_DB_Layer.csproj", "{CAB9796D-7F29-E2B9-77AF-20BFFBEA65BB}"
EndProject
Global
	GlobalSection(SolutionConfigurationPlatforms) = preSolution
		Debug|Any CPU = Debug|Any CPU
		Release|Any CPU = Release|Any CPU
	EndGlobalSection
	GlobalSection(ProjectConfigurationPlatforms) = postSolution
		{8E51DAAC-30CF-4B9E-8521-81CD635FD846}.Debug|Any CPU.ActiveCfg = Debug|Any CPU
		{8E51DAAC-30CF-4B9E-8521-81CD635FD846}.Debug|Any CPU.Build.0 = Debug|Any CPU
		{8E51DAAC-30CF-4B9E-8521-81CD635FD846}.Release|Any CPU.ActiveCfg = Release|Any CPU
		{8E51DAAC-30CF-4B9E-8521-81CD635FD846}.Release|Any CPU.Build.0 = Release|Any CPU
		{78684CDC-95A0-4542-B37D-1C20131D40F1}.Debug|Any CPU.ActiveCfg = Debug|Any CPU
		{78684CDC-95A0-4542-B37D-1C20131D40F1}.Debug|Any CPU.Build.0 = Debug|Any CPU
		{78684CDC-95A0-4542-B37D-1C20131D40F1}.Release|Any CPU.ActiveCfg = Release|Any CPU
		{78684CDC-95A0-4542-B37D-1C20131D40F1}.Release|Any CPU.Build.0 = Release|Any CPU
		{31070AB7-0785-4F93-917B-35AE984DBFC0}.Debug|Any CPU.ActiveCfg = Debug|Any CPU
		{31070AB7-0785-4F93-917B-35AE984DBFC0}.Debug|Any CPU.Build.0 = Debug|Any CPU
		{31070AB7-0785-4F93-917B-35AE984DBFC0}.Release|Any CPU.ActiveCfg = Release|Any CPU
		{31070AB7-0785-4F93-917B-35AE984DBFC0}.Release|Any CPU.Build.0 = Release|Any CPU
		{91B979B4-B37D-77A6-1D5D-0F55BB2A23A3}.Debug|Any CPU.ActiveCfg = Debug|Any CPU
		{91B979B4-B37D-77A6-1D5D-0F55BB2A23A3}.Debug|Any CPU.Build.0 = Debug|Any CPU
		{91B979B4-B37D-77A6-1D5D-0F55BB2A23A3}.Release|Any CPU.ActiveCfg = Release|Any CPU
		{91B979B4-B37D-77A6-1D5D-0F55BB2A23A3}.Release|Any CPU.Build.0 = Release|Any CPU
		{6CDAB7B3-DE4F-6FF5-06F0-D824F083F1AF}.Debug|Any CPU.ActiveCfg = Debug|Any CPU
		{6CDAB7B3-DE4F-6FF5-06F0-D824F083F1AF}.Debug|Any CPU.Build.0 = Debug|Any CPU
		{6CDAB7B3-DE4F-6FF5-06F0-D824F083F1AF}.Release|Any CPU.ActiveCfg = Release|Any CPU
		{6CDAB7B3-DE4F-6FF5-06F0-D824F083F1AF}.Release|Any CPU.Build.0 = Release|Any CPU
		{F465746A-A2E0-0013-6EA6-B03BA41B90F2}.Debug|Any CPU.ActiveCfg = Debug|Any CPU
		{F465746A-A2E0-0013-6EA6-B03BA41B90F2}.Debug|Any CPU.Build.0 = Debug|Any CPU
		{F465746A-A2E0-0013-6EA6-B03BA41B90F2}.Release|Any CPU.ActiveCfg = Release|Any CPU
		{F465746A-A2E0-0013-6EA6-B03BA41B90F2}.Release|Any CPU.Build.0 = Release|Any CPU
		{00C1046E-4CDF-9BCE-3CDA-572AF18EA0D2}.Debug|Any CPU.ActiveCfg = Debug|Any CPU
		{00C1046E-4CDF-9BCE-3CDA-572AF18EA0D2}.Debug|Any CPU.Build.0 = Debug|Any CPU
		{00C1046E-4CDF-9BCE-3CDA-572AF18EA0D2}.Release|Any CPU.ActiveCfg = Release|Any CPU
		{00C1046E-4CDF-9BCE-3CDA-572AF18EA0D2}.Release|Any CPU.Build.0 = Release|Any CPU
		{CAB9796D-7F29-E2B9-77AF-20BFFBEA65BB}.Debug|Any CPU.ActiveCfg = Debug|Any CPU
		{CAB9796D-7F29-E2B9-77AF-20BFFBEA65BB}.Debug|Any CPU.Build.0 = Debug|Any CPU
		{CAB9796D-7F29-E2B9-77AF-20BFFBEA65BB}.Release|Any CPU.ActiveCfg = Release|Any CPU
		{CAB9796D-7F29-E2B9-77AF-20BFFBEA65BB}.Release|Any CPU.Build.0 = Release|Any CPU
	EndGlobalSection
	GlobalSection(SolutionProperties) = preSolution
		HideSolutionNode = FALSE
	EndGlobalSection
	GlobalSection(ExtensibilityGlobals) = postSolution
		SolutionGuid = {548B984F-84CC-46B3-B06A-1C587414D9CB}
	EndGlobalSection
EndGlobal
